
Microsoft Visual Studio Solution File, Format Version 12.00
# Visual Studio 15
VisualStudioVersion = 15.0.27004.2010
MinimumVisualStudioVersion = 10.0.40219.1
Project("{FAE04EC0-301F-11D3-BF4B-00C04F79EFBC}") = "OefeningenLes1", "OefeningenLes1\OefeningenLes1.csproj", "{6CDB8B1A-7F66-4DA8-970D-016AE62989FC}"
EndProject
Global
	GlobalSection(SolutionConfigurationPlatforms) = preSolution
		Debug|Any CPU = Debug|Any CPU
		Release|Any CPU = Release|Any CPU
	EndGlobalSection
	GlobalSection(ProjectConfigurationPlatforms) = postSolution
		{6CDB8B1A-7F66-4DA8-970D-016AE62989FC}.Debug|Any CPU.ActiveCfg = Debug|Any CPU
		{6CDB8B1A-7F66-4DA8-970D-016AE62989FC}.Debug|Any CPU.Build.0 = Debug|Any CPU
		{6CDB8B1A-7F66-4DA8-970D-016AE62989FC}.Release|Any CPU.ActiveCfg = Release|Any CPU
		{6CDB8B1A-7F66-4DA8-970D-016AE62989FC}.Release|Any CPU.Build.0 = Release|Any CPU
	EndGlobalSection
	GlobalSection(SolutionProperties) = preSolution
		HideSolutionNode = FALSE
	EndGlobalSection
	GlobalSection(ExtensibilityGlobals) = postSolution
		SolutionGuid = {1E8BD914-A223-4C1D-9A54-035D8342FFDD}
	EndGlobalSection
EndGlobal
